// !$*UTF8*$!
{
	archiveVersion = 1;
	classes = {
	};
	objectVersion = 56;
	objects = {

/* Begin PBXBuildFile section */
		F50A0C882A92EB2000EDB9BB /* TabBarViewController.swift in Sources */ = {isa = PBXBuildFile; fileRef = F50A0C872A92EB2000EDB9BB /* TabBarViewController.swift */; };
		F50A0CA52A92F0D000EDB9BB /* InvoiceViewModel.swift in Sources */ = {isa = PBXBuildFile; fileRef = F50A0C912A92F0D000EDB9BB /* InvoiceViewModel.swift */; };
		F50A0CA62A92F0D000EDB9BB /* InvoiceCellView.swift in Sources */ = {isa = PBXBuildFile; fileRef = F50A0C922A92F0D000EDB9BB /* InvoiceCellView.swift */; };
		F50A0CA72A92F0D000EDB9BB /* InvoiceHeaderView.swift in Sources */ = {isa = PBXBuildFile; fileRef = F50A0C942A92F0D000EDB9BB /* InvoiceHeaderView.swift */; };
		F50A0CA82A92F0D000EDB9BB /* InvoiceHeaderEditView.swift in Sources */ = {isa = PBXBuildFile; fileRef = F50A0C952A92F0D000EDB9BB /* InvoiceHeaderEditView.swift */; };
		F50A0CA92A92F0D000EDB9BB /* InvoiceLineView.swift in Sources */ = {isa = PBXBuildFile; fileRef = F50A0C982A92F0D000EDB9BB /* InvoiceLineView.swift */; };
		F50A0CAA2A92F0D000EDB9BB /* InvoiceLineViewModel.swift in Sources */ = {isa = PBXBuildFile; fileRef = F50A0C992A92F0D000EDB9BB /* InvoiceLineViewModel.swift */; };
		F50A0CAB2A92F0D000EDB9BB /* InvoiceLineCreateView.swift in Sources */ = {isa = PBXBuildFile; fileRef = F50A0C9A2A92F0D000EDB9BB /* InvoiceLineCreateView.swift */; };
		F50A0CAC2A92F0D000EDB9BB /* InvoiceLineListView.swift in Sources */ = {isa = PBXBuildFile; fileRef = F50A0C9B2A92F0D000EDB9BB /* InvoiceLineListView.swift */; };
		F50A0CAD2A92F0D000EDB9BB /* InvoiceListViewModel.swift in Sources */ = {isa = PBXBuildFile; fileRef = F50A0C9C2A92F0D000EDB9BB /* InvoiceListViewModel.swift */; };
		F50A0CAE2A92F0D000EDB9BB /* InvoiceDetailsView.swift in Sources */ = {isa = PBXBuildFile; fileRef = F50A0C9E2A92F0D000EDB9BB /* InvoiceDetailsView.swift */; };
		F50A0CAF2A92F0D000EDB9BB /* InvoiceListContainerViewController.swift in Sources */ = {isa = PBXBuildFile; fileRef = F50A0C9F2A92F0D000EDB9BB /* InvoiceListContainerViewController.swift */; };
		F50A0CB02A92F0D000EDB9BB /* InputChecker.swift in Sources */ = {isa = PBXBuildFile; fileRef = F50A0CA12A92F0D000EDB9BB /* InputChecker.swift */; };
		F50A0CB12A92F0D000EDB9BB /* CreateInvoiceView.swift in Sources */ = {isa = PBXBuildFile; fileRef = F50A0CA32A92F0D000EDB9BB /* CreateInvoiceView.swift */; };
		F50A0CB22A92F0D000EDB9BB /* InvoiceListView.swift in Sources */ = {isa = PBXBuildFile; fileRef = F50A0CA42A92F0D000EDB9BB /* InvoiceListView.swift */; };
		F50A0CBC2A92F18C00EDB9BB /* NumberFormatter+CurrencyFormatter.swift in Sources */ = {isa = PBXBuildFile; fileRef = F50A0CB42A92F18C00EDB9BB /* NumberFormatter+CurrencyFormatter.swift */; };
		F50A0CBD2A92F18C00EDB9BB /* UIViewController+addChildViewController.swift in Sources */ = {isa = PBXBuildFile; fileRef = F50A0CB52A92F18C00EDB9BB /* UIViewController+addChildViewController.swift */; };
		F50A0CBE2A92F18C00EDB9BB /* InvoiceError.swift in Sources */ = {isa = PBXBuildFile; fileRef = F50A0CB62A92F18C00EDB9BB /* InvoiceError.swift */; };
		F50A0CBF2A92F18C00EDB9BB /* UIView+fill.swift in Sources */ = {isa = PBXBuildFile; fileRef = F50A0CB72A92F18C00EDB9BB /* UIView+fill.swift */; };
		F50A0CC02A92F18C00EDB9BB /* View+Modify.swift in Sources */ = {isa = PBXBuildFile; fileRef = F50A0CB82A92F18C00EDB9BB /* View+Modify.swift */; };
		F50A0CC12A92F18C00EDB9BB /* Decimal+Round.swift in Sources */ = {isa = PBXBuildFile; fileRef = F50A0CB92A92F18C00EDB9BB /* Decimal+Round.swift */; };
		F50A0CC22A92F18C00EDB9BB /* DateFormatter+AESTDateFormatter.swift in Sources */ = {isa = PBXBuildFile; fileRef = F50A0CBA2A92F18C00EDB9BB /* DateFormatter+AESTDateFormatter.swift */; };
		F50A0CC32A92F18C00EDB9BB /* NumbersOnlyViewModifier.swift in Sources */ = {isa = PBXBuildFile; fileRef = F50A0CBB2A92F18C00EDB9BB /* NumbersOnlyViewModifier.swift */; };
		F50A0CC72A92F23800EDB9BB /* InvoiceDTO.swift in Sources */ = {isa = PBXBuildFile; fileRef = F50A0CC52A92F23800EDB9BB /* InvoiceDTO.swift */; };
		F50A0CC82A92F23800EDB9BB /* InvoiceLineDTO.swift in Sources */ = {isa = PBXBuildFile; fileRef = F50A0CC62A92F23800EDB9BB /* InvoiceLineDTO.swift */; };
		F50A0CD32A92F24500EDB9BB /* NetworkAPIRequest.swift in Sources */ = {isa = PBXBuildFile; fileRef = F50A0CCB2A92F24500EDB9BB /* NetworkAPIRequest.swift */; };
		F50A0CD42A92F24500EDB9BB /* NetworkAPIRequestBuilder.swift in Sources */ = {isa = PBXBuildFile; fileRef = F50A0CCC2A92F24500EDB9BB /* NetworkAPIRequestBuilder.swift */; };
		F50A0CD52A92F24500EDB9BB /* HTTPURLResponse+Status.swift in Sources */ = {isa = PBXBuildFile; fileRef = F50A0CCD2A92F24500EDB9BB /* HTTPURLResponse+Status.swift */; };
		F50A0CD62A92F24500EDB9BB /* JSONSerializable.swift in Sources */ = {isa = PBXBuildFile; fileRef = F50A0CCE2A92F24500EDB9BB /* JSONSerializable.swift */; };
		F50A0CD72A92F24500EDB9BB /* NetworkAPIClient.swift in Sources */ = {isa = PBXBuildFile; fileRef = F50A0CCF2A92F24500EDB9BB /* NetworkAPIClient.swift */; };
		F50A0CD82A92F24500EDB9BB /* InvoiceAPIRequest.swift in Sources */ = {isa = PBXBuildFile; fileRef = F50A0CD12A92F24500EDB9BB /* InvoiceAPIRequest.swift */; };
		F50A0CD92A92F24500EDB9BB /* InvoiceAPIService.swift in Sources */ = {isa = PBXBuildFile; fileRef = F50A0CD22A92F24500EDB9BB /* InvoiceAPIService.swift */; };
		F50A0CDC2A92F26A00EDB9BB /* AccountViewController.swift in Sources */ = {isa = PBXBuildFile; fileRef = F50A0CDB2A92F26A00EDB9BB /* AccountViewController.swift */; };
		F50A0CDF2A9312DF00EDB9BB /* ProjectTestCase.swift in Sources */ = {isa = PBXBuildFile; fileRef = F50A0CDE2A9312DF00EDB9BB /* ProjectTestCase.swift */; };
		F50A0CE12A93133000EDB9BB /* InvoiceListViewModelTest.swift in Sources */ = {isa = PBXBuildFile; fileRef = F50A0CE02A93133000EDB9BB /* InvoiceListViewModelTest.swift */; };
		F50A0CE62A93141000EDB9BB /* InvoiceListScreen.swift in Sources */ = {isa = PBXBuildFile; fileRef = F50A0CE32A93141000EDB9BB /* InvoiceListScreen.swift */; };
		F50A0CE72A93141000EDB9BB /* ScreenFactory.swift in Sources */ = {isa = PBXBuildFile; fileRef = F50A0CE42A93141000EDB9BB /* ScreenFactory.swift */; };
		F50A0CE82A93141000EDB9BB /* CreateInvoiceScreen.swift in Sources */ = {isa = PBXBuildFile; fileRef = F50A0CE52A93141000EDB9BB /* CreateInvoiceScreen.swift */; };
		F50A0CEC2A93141C00EDB9BB /* ProjectUITestCase.swift in Sources */ = {isa = PBXBuildFile; fileRef = F50A0CEA2A93141C00EDB9BB /* ProjectUITestCase.swift */; };
		F50A0CED2A93141C00EDB9BB /* XCTestUtil.swift in Sources */ = {isa = PBXBuildFile; fileRef = F50A0CEB2A93141C00EDB9BB /* XCTestUtil.swift */; };
		F50A0CEF2A93143000EDB9BB /* DemoProjectUITests.swift in Sources */ = {isa = PBXBuildFile; fileRef = F50A0CEE2A93143000EDB9BB /* DemoProjectUITests.swift */; };
		F51EFF552A9420230025DC76 /* Coordinator.swift in Sources */ = {isa = PBXBuildFile; fileRef = F51EFF542A9420230025DC76 /* Coordinator.swift */; };
		F529841F2A92CC3A005976AE /* AppDelegate.swift in Sources */ = {isa = PBXBuildFile; fileRef = F529841E2A92CC3A005976AE /* AppDelegate.swift */; };
		F52984212A92CC3A005976AE /* SceneDelegate.swift in Sources */ = {isa = PBXBuildFile; fileRef = F52984202A92CC3A005976AE /* SceneDelegate.swift */; };
		F52984282A92CC3B005976AE /* Assets.xcassets in Resources */ = {isa = PBXBuildFile; fileRef = F52984272A92CC3B005976AE /* Assets.xcassets */; };
		F529842B2A92CC3B005976AE /* LaunchScreen.storyboard in Resources */ = {isa = PBXBuildFile; fileRef = F52984292A92CC3B005976AE /* LaunchScreen.storyboard */; };
/* End PBXBuildFile section */

/* Begin PBXContainerItemProxy section */
		F52984322A92CC3B005976AE /* PBXContainerItemProxy */ = {
			isa = PBXContainerItemProxy;
			containerPortal = F52984132A92CC3A005976AE /* Project object */;
			proxyType = 1;
			remoteGlobalIDString = F529841A2A92CC3A005976AE;
			remoteInfo = DemoProject;
		};
		F529843C2A92CC3B005976AE /* PBXContainerItemProxy */ = {
			isa = PBXContainerItemProxy;
			containerPortal = F52984132A92CC3A005976AE /* Project object */;
			proxyType = 1;
			remoteGlobalIDString = F529841A2A92CC3A005976AE;
			remoteInfo = DemoProject;
		};
/* End PBXContainerItemProxy section */

/* Begin PBXFileReference section */
		F50A0C872A92EB2000EDB9BB /* TabBarViewController.swift */ = {isa = PBXFileReference; lastKnownFileType = sourcecode.swift; path = TabBarViewController.swift; sourceTree = "<group>"; };
		F50A0C912A92F0D000EDB9BB /* InvoiceViewModel.swift */ = {isa = PBXFileReference; fileEncoding = 4; lastKnownFileType = sourcecode.swift; path = InvoiceViewModel.swift; sourceTree = "<group>"; };
		F50A0C922A92F0D000EDB9BB /* InvoiceCellView.swift */ = {isa = PBXFileReference; fileEncoding = 4; lastKnownFileType = sourcecode.swift; path = InvoiceCellView.swift; sourceTree = "<group>"; };
		F50A0C942A92F0D000EDB9BB /* InvoiceHeaderView.swift */ = {isa = PBXFileReference; fileEncoding = 4; lastKnownFileType = sourcecode.swift; path = InvoiceHeaderView.swift; sourceTree = "<group>"; };
		F50A0C952A92F0D000EDB9BB /* InvoiceHeaderEditView.swift */ = {isa = PBXFileReference; fileEncoding = 4; lastKnownFileType = sourcecode.swift; path = InvoiceHeaderEditView.swift; sourceTree = "<group>"; };
		F50A0C982A92F0D000EDB9BB /* InvoiceLineView.swift */ = {isa = PBXFileReference; fileEncoding = 4; lastKnownFileType = sourcecode.swift; path = InvoiceLineView.swift; sourceTree = "<group>"; };
		F50A0C992A92F0D000EDB9BB /* InvoiceLineViewModel.swift */ = {isa = PBXFileReference; fileEncoding = 4; lastKnownFileType = sourcecode.swift; path = InvoiceLineViewModel.swift; sourceTree = "<group>"; };
		F50A0C9A2A92F0D000EDB9BB /* InvoiceLineCreateView.swift */ = {isa = PBXFileReference; fileEncoding = 4; lastKnownFileType = sourcecode.swift; path = InvoiceLineCreateView.swift; sourceTree = "<group>"; };
		F50A0C9B2A92F0D000EDB9BB /* InvoiceLineListView.swift */ = {isa = PBXFileReference; fileEncoding = 4; lastKnownFileType = sourcecode.swift; path = InvoiceLineListView.swift; sourceTree = "<group>"; };
		F50A0C9C2A92F0D000EDB9BB /* InvoiceListViewModel.swift */ = {isa = PBXFileReference; fileEncoding = 4; lastKnownFileType = sourcecode.swift; path = InvoiceListViewModel.swift; sourceTree = "<group>"; };
		F50A0C9E2A92F0D000EDB9BB /* InvoiceDetailsView.swift */ = {isa = PBXFileReference; fileEncoding = 4; lastKnownFileType = sourcecode.swift; path = InvoiceDetailsView.swift; sourceTree = "<group>"; };
		F50A0C9F2A92F0D000EDB9BB /* InvoiceListContainerViewController.swift */ = {isa = PBXFileReference; fileEncoding = 4; lastKnownFileType = sourcecode.swift; path = InvoiceListContainerViewController.swift; sourceTree = "<group>"; };
		F50A0CA12A92F0D000EDB9BB /* InputChecker.swift */ = {isa = PBXFileReference; fileEncoding = 4; lastKnownFileType = sourcecode.swift; path = InputChecker.swift; sourceTree = "<group>"; };
		F50A0CA32A92F0D000EDB9BB /* CreateInvoiceView.swift */ = {isa = PBXFileReference; fileEncoding = 4; lastKnownFileType = sourcecode.swift; path = CreateInvoiceView.swift; sourceTree = "<group>"; };
		F50A0CA42A92F0D000EDB9BB /* InvoiceListView.swift */ = {isa = PBXFileReference; fileEncoding = 4; lastKnownFileType = sourcecode.swift; path = InvoiceListView.swift; sourceTree = "<group>"; };
		F50A0CB42A92F18C00EDB9BB /* NumberFormatter+CurrencyFormatter.swift */ = {isa = PBXFileReference; fileEncoding = 4; lastKnownFileType = sourcecode.swift; path = "NumberFormatter+CurrencyFormatter.swift"; sourceTree = "<group>"; };
		F50A0CB52A92F18C00EDB9BB /* UIViewController+addChildViewController.swift */ = {isa = PBXFileReference; fileEncoding = 4; lastKnownFileType = sourcecode.swift; path = "UIViewController+addChildViewController.swift"; sourceTree = "<group>"; };
		F50A0CB62A92F18C00EDB9BB /* InvoiceError.swift */ = {isa = PBXFileReference; fileEncoding = 4; lastKnownFileType = sourcecode.swift; path = InvoiceError.swift; sourceTree = "<group>"; };
		F50A0CB72A92F18C00EDB9BB /* UIView+fill.swift */ = {isa = PBXFileReference; fileEncoding = 4; lastKnownFileType = sourcecode.swift; path = "UIView+fill.swift"; sourceTree = "<group>"; };
		F50A0CB82A92F18C00EDB9BB /* View+Modify.swift */ = {isa = PBXFileReference; fileEncoding = 4; lastKnownFileType = sourcecode.swift; path = "View+Modify.swift"; sourceTree = "<group>"; };
		F50A0CB92A92F18C00EDB9BB /* Decimal+Round.swift */ = {isa = PBXFileReference; fileEncoding = 4; lastKnownFileType = sourcecode.swift; path = "Decimal+Round.swift"; sourceTree = "<group>"; };
		F50A0CBA2A92F18C00EDB9BB /* DateFormatter+AESTDateFormatter.swift */ = {isa = PBXFileReference; fileEncoding = 4; lastKnownFileType = sourcecode.swift; path = "DateFormatter+AESTDateFormatter.swift"; sourceTree = "<group>"; };
		F50A0CBB2A92F18C00EDB9BB /* NumbersOnlyViewModifier.swift */ = {isa = PBXFileReference; fileEncoding = 4; lastKnownFileType = sourcecode.swift; path = NumbersOnlyViewModifier.swift; sourceTree = "<group>"; };
		F50A0CC52A92F23800EDB9BB /* InvoiceDTO.swift */ = {isa = PBXFileReference; fileEncoding = 4; lastKnownFileType = sourcecode.swift; path = InvoiceDTO.swift; sourceTree = "<group>"; };
		F50A0CC62A92F23800EDB9BB /* InvoiceLineDTO.swift */ = {isa = PBXFileReference; fileEncoding = 4; lastKnownFileType = sourcecode.swift; path = InvoiceLineDTO.swift; sourceTree = "<group>"; };
		F50A0CCB2A92F24500EDB9BB /* NetworkAPIRequest.swift */ = {isa = PBXFileReference; fileEncoding = 4; lastKnownFileType = sourcecode.swift; path = NetworkAPIRequest.swift; sourceTree = "<group>"; };
		F50A0CCC2A92F24500EDB9BB /* NetworkAPIRequestBuilder.swift */ = {isa = PBXFileReference; fileEncoding = 4; lastKnownFileType = sourcecode.swift; path = NetworkAPIRequestBuilder.swift; sourceTree = "<group>"; };
		F50A0CCD2A92F24500EDB9BB /* HTTPURLResponse+Status.swift */ = {isa = PBXFileReference; fileEncoding = 4; lastKnownFileType = sourcecode.swift; path = "HTTPURLResponse+Status.swift"; sourceTree = "<group>"; };
		F50A0CCE2A92F24500EDB9BB /* JSONSerializable.swift */ = {isa = PBXFileReference; fileEncoding = 4; lastKnownFileType = sourcecode.swift; path = JSONSerializable.swift; sourceTree = "<group>"; };
		F50A0CCF2A92F24500EDB9BB /* NetworkAPIClient.swift */ = {isa = PBXFileReference; fileEncoding = 4; lastKnownFileType = sourcecode.swift; path = NetworkAPIClient.swift; sourceTree = "<group>"; };
		F50A0CD12A92F24500EDB9BB /* InvoiceAPIRequest.swift */ = {isa = PBXFileReference; fileEncoding = 4; lastKnownFileType = sourcecode.swift; path = InvoiceAPIRequest.swift; sourceTree = "<group>"; };
		F50A0CD22A92F24500EDB9BB /* InvoiceAPIService.swift */ = {isa = PBXFileReference; fileEncoding = 4; lastKnownFileType = sourcecode.swift; path = InvoiceAPIService.swift; sourceTree = "<group>"; };
		F50A0CDB2A92F26A00EDB9BB /* AccountViewController.swift */ = {isa = PBXFileReference; fileEncoding = 4; lastKnownFileType = sourcecode.swift; path = AccountViewController.swift; sourceTree = "<group>"; };
		F50A0CDE2A9312DF00EDB9BB /* ProjectTestCase.swift */ = {isa = PBXFileReference; lastKnownFileType = sourcecode.swift; path = ProjectTestCase.swift; sourceTree = "<group>"; };
		F50A0CE02A93133000EDB9BB /* InvoiceListViewModelTest.swift */ = {isa = PBXFileReference; lastKnownFileType = sourcecode.swift; path = InvoiceListViewModelTest.swift; sourceTree = "<group>"; };
		F50A0CE32A93141000EDB9BB /* InvoiceListScreen.swift */ = {isa = PBXFileReference; fileEncoding = 4; lastKnownFileType = sourcecode.swift; path = InvoiceListScreen.swift; sourceTree = "<group>"; };
		F50A0CE42A93141000EDB9BB /* ScreenFactory.swift */ = {isa = PBXFileReference; fileEncoding = 4; lastKnownFileType = sourcecode.swift; path = ScreenFactory.swift; sourceTree = "<group>"; };
		F50A0CE52A93141000EDB9BB /* CreateInvoiceScreen.swift */ = {isa = PBXFileReference; fileEncoding = 4; lastKnownFileType = sourcecode.swift; path = CreateInvoiceScreen.swift; sourceTree = "<group>"; };
		F50A0CEA2A93141C00EDB9BB /* ProjectUITestCase.swift */ = {isa = PBXFileReference; fileEncoding = 4; lastKnownFileType = sourcecode.swift; path = ProjectUITestCase.swift; sourceTree = "<group>"; };
		F50A0CEB2A93141C00EDB9BB /* XCTestUtil.swift */ = {isa = PBXFileReference; fileEncoding = 4; lastKnownFileType = sourcecode.swift; path = XCTestUtil.swift; sourceTree = "<group>"; };
		F50A0CEE2A93143000EDB9BB /* DemoProjectUITests.swift */ = {isa = PBXFileReference; fileEncoding = 4; lastKnownFileType = sourcecode.swift; path = DemoProjectUITests.swift; sourceTree = "<group>"; };
		F51EFF542A9420230025DC76 /* Coordinator.swift */ = {isa = PBXFileReference; lastKnownFileType = sourcecode.swift; path = Coordinator.swift; sourceTree = "<group>"; };
		F529841B2A92CC3A005976AE /* DemoProject.app */ = {isa = PBXFileReference; explicitFileType = wrapper.application; includeInIndex = 0; path = DemoProject.app; sourceTree = BUILT_PRODUCTS_DIR; };
		F529841E2A92CC3A005976AE /* AppDelegate.swift */ = {isa = PBXFileReference; lastKnownFileType = sourcecode.swift; path = AppDelegate.swift; sourceTree = "<group>"; };
		F52984202A92CC3A005976AE /* SceneDelegate.swift */ = {isa = PBXFileReference; lastKnownFileType = sourcecode.swift; path = SceneDelegate.swift; sourceTree = "<group>"; };
		F52984272A92CC3B005976AE /* Assets.xcassets */ = {isa = PBXFileReference; lastKnownFileType = folder.assetcatalog; path = Assets.xcassets; sourceTree = "<group>"; };
		F529842A2A92CC3B005976AE /* Base */ = {isa = PBXFileReference; lastKnownFileType = file.storyboard; name = Base; path = Base.lproj/LaunchScreen.storyboard; sourceTree = "<group>"; };
		F529842C2A92CC3B005976AE /* Info.plist */ = {isa = PBXFileReference; lastKnownFileType = text.plist.xml; path = Info.plist; sourceTree = "<group>"; };
		F52984312A92CC3B005976AE /* DemoProjectTests.xctest */ = {isa = PBXFileReference; explicitFileType = wrapper.cfbundle; includeInIndex = 0; path = DemoProjectTests.xctest; sourceTree = BUILT_PRODUCTS_DIR; };
		F529843B2A92CC3B005976AE /* DemoProjectUITests.xctest */ = {isa = PBXFileReference; explicitFileType = wrapper.cfbundle; includeInIndex = 0; path = DemoProjectUITests.xctest; sourceTree = BUILT_PRODUCTS_DIR; };
/* End PBXFileReference section */

/* Begin PBXFrameworksBuildPhase section */
		F52984182A92CC3A005976AE /* Frameworks */ = {
			isa = PBXFrameworksBuildPhase;
			buildActionMask = 2147483647;
			files = (
			);
			runOnlyForDeploymentPostprocessing = 0;
		};
		F529842E2A92CC3B005976AE /* Frameworks */ = {
			isa = PBXFrameworksBuildPhase;
			buildActionMask = 2147483647;
			files = (
			);
			runOnlyForDeploymentPostprocessing = 0;
		};
		F52984382A92CC3B005976AE /* Frameworks */ = {
			isa = PBXFrameworksBuildPhase;
			buildActionMask = 2147483647;
			files = (
			);
			runOnlyForDeploymentPostprocessing = 0;
		};
/* End PBXFrameworksBuildPhase section */

/* Begin PBXGroup section */
		F50A0C862A92EB0000EDB9BB /* TabBar */ = {
			isa = PBXGroup;
			children = (
				F50A0C872A92EB2000EDB9BB /* TabBarViewController.swift */,
			);
			path = TabBar;
			sourceTree = "<group>";
		};
		F50A0C8E2A92F0D000EDB9BB /* InvoiceList */ = {
			isa = PBXGroup;
			children = (
				F50A0C9F2A92F0D000EDB9BB /* InvoiceListContainerViewController.swift */,
				F50A0CA42A92F0D000EDB9BB /* InvoiceListView.swift */,
				F50A0C9C2A92F0D000EDB9BB /* InvoiceListViewModel.swift */,
				F50A0C8F2A92F0D000EDB9BB /* SharedViewParts */,
				F50A0C9D2A92F0D000EDB9BB /* InvoiceDetailsView */,
				F50A0CA02A92F0D000EDB9BB /* InputChecker */,
				F50A0CA22A92F0D000EDB9BB /* CreateInvoice */,
			);
			path = InvoiceList;
			sourceTree = "<group>";
		};
		F50A0C8F2A92F0D000EDB9BB /* SharedViewParts */ = {
			isa = PBXGroup;
			children = (
				F50A0C902A92F0D000EDB9BB /* InvoiceCell */,
				F50A0C932A92F0D000EDB9BB /* InvoiceHeader */,
				F50A0C962A92F0D000EDB9BB /* InvoiceLineList */,
			);
			path = SharedViewParts;
			sourceTree = "<group>";
		};
		F50A0C902A92F0D000EDB9BB /* InvoiceCell */ = {
			isa = PBXGroup;
			children = (
				F50A0C912A92F0D000EDB9BB /* InvoiceViewModel.swift */,
				F50A0C922A92F0D000EDB9BB /* InvoiceCellView.swift */,
			);
			path = InvoiceCell;
			sourceTree = "<group>";
		};
		F50A0C932A92F0D000EDB9BB /* InvoiceHeader */ = {
			isa = PBXGroup;
			children = (
				F50A0C942A92F0D000EDB9BB /* InvoiceHeaderView.swift */,
				F50A0C952A92F0D000EDB9BB /* InvoiceHeaderEditView.swift */,
			);
			path = InvoiceHeader;
			sourceTree = "<group>";
		};
		F50A0C962A92F0D000EDB9BB /* InvoiceLineList */ = {
			isa = PBXGroup;
			children = (
				F50A0C9B2A92F0D000EDB9BB /* InvoiceLineListView.swift */,
				F50A0C972A92F0D000EDB9BB /* InvoiceLine */,
			);
			path = InvoiceLineList;
			sourceTree = "<group>";
		};
		F50A0C972A92F0D000EDB9BB /* InvoiceLine */ = {
			isa = PBXGroup;
			children = (
				F50A0C982A92F0D000EDB9BB /* InvoiceLineView.swift */,
				F50A0C992A92F0D000EDB9BB /* InvoiceLineViewModel.swift */,
				F50A0C9A2A92F0D000EDB9BB /* InvoiceLineCreateView.swift */,
			);
			path = InvoiceLine;
			sourceTree = "<group>";
		};
		F50A0C9D2A92F0D000EDB9BB /* InvoiceDetailsView */ = {
			isa = PBXGroup;
			children = (
				F50A0C9E2A92F0D000EDB9BB /* InvoiceDetailsView.swift */,
			);
			path = InvoiceDetailsView;
			sourceTree = "<group>";
		};
		F50A0CA02A92F0D000EDB9BB /* InputChecker */ = {
			isa = PBXGroup;
			children = (
				F50A0CA12A92F0D000EDB9BB /* InputChecker.swift */,
			);
			path = InputChecker;
			sourceTree = "<group>";
		};
		F50A0CA22A92F0D000EDB9BB /* CreateInvoice */ = {
			isa = PBXGroup;
			children = (
				F50A0CA32A92F0D000EDB9BB /* CreateInvoiceView.swift */,
			);
			path = CreateInvoice;
			sourceTree = "<group>";
		};
		F50A0CB32A92F18C00EDB9BB /* Utilities */ = {
			isa = PBXGroup;
			children = (
				F50A0CB42A92F18C00EDB9BB /* NumberFormatter+CurrencyFormatter.swift */,
				F50A0CB52A92F18C00EDB9BB /* UIViewController+addChildViewController.swift */,
				F50A0CB62A92F18C00EDB9BB /* InvoiceError.swift */,
				F50A0CB72A92F18C00EDB9BB /* UIView+fill.swift */,
				F50A0CB82A92F18C00EDB9BB /* View+Modify.swift */,
				F50A0CB92A92F18C00EDB9BB /* Decimal+Round.swift */,
				F50A0CBA2A92F18C00EDB9BB /* DateFormatter+AESTDateFormatter.swift */,
				F50A0CBB2A92F18C00EDB9BB /* NumbersOnlyViewModifier.swift */,
			);
			path = Utilities;
			sourceTree = "<group>";
		};
		F50A0CC42A92F23800EDB9BB /* Model */ = {
			isa = PBXGroup;
			children = (
				F50A0CC52A92F23800EDB9BB /* InvoiceDTO.swift */,
				F50A0CC62A92F23800EDB9BB /* InvoiceLineDTO.swift */,
			);
			path = Model;
			sourceTree = "<group>";
		};
		F50A0CC92A92F24500EDB9BB /* NetworkAPI */ = {
			isa = PBXGroup;
			children = (
				F50A0CCA2A92F24500EDB9BB /* NetworkAPIClient */,
				F50A0CD02A92F24500EDB9BB /* APIService */,
			);
			path = NetworkAPI;
			sourceTree = "<group>";
		};
		F50A0CCA2A92F24500EDB9BB /* NetworkAPIClient */ = {
			isa = PBXGroup;
			children = (
				F50A0CCB2A92F24500EDB9BB /* NetworkAPIRequest.swift */,
				F50A0CCC2A92F24500EDB9BB /* NetworkAPIRequestBuilder.swift */,
				F50A0CCD2A92F24500EDB9BB /* HTTPURLResponse+Status.swift */,
				F50A0CCE2A92F24500EDB9BB /* JSONSerializable.swift */,
				F50A0CCF2A92F24500EDB9BB /* NetworkAPIClient.swift */,
			);
			path = NetworkAPIClient;
			sourceTree = "<group>";
		};
		F50A0CD02A92F24500EDB9BB /* APIService */ = {
			isa = PBXGroup;
			children = (
				F50A0CD12A92F24500EDB9BB /* InvoiceAPIRequest.swift */,
				F50A0CD22A92F24500EDB9BB /* InvoiceAPIService.swift */,
			);
			path = APIService;
			sourceTree = "<group>";
		};
		F50A0CDA2A92F26A00EDB9BB /* Account */ = {
			isa = PBXGroup;
			children = (
				F50A0CDB2A92F26A00EDB9BB /* AccountViewController.swift */,
			);
			path = Account;
			sourceTree = "<group>";
		};
		F50A0CDD2A92F28400EDB9BB /* Screens */ = {
			isa = PBXGroup;
			children = (
				F50A0C8E2A92F0D000EDB9BB /* InvoiceList */,
				F50A0CDA2A92F26A00EDB9BB /* Account */,
			);
			path = Screens;
			sourceTree = "<group>";
		};
		F50A0CE22A93141000EDB9BB /* Screens */ = {
			isa = PBXGroup;
			children = (
				F50A0CE32A93141000EDB9BB /* InvoiceListScreen.swift */,
				F50A0CE42A93141000EDB9BB /* ScreenFactory.swift */,
				F50A0CE52A93141000EDB9BB /* CreateInvoiceScreen.swift */,
			);
			path = Screens;
			sourceTree = "<group>";
		};
		F50A0CE92A93141C00EDB9BB /* Util */ = {
			isa = PBXGroup;
			children = (
				F50A0CEA2A93141C00EDB9BB /* ProjectUITestCase.swift */,
				F50A0CEB2A93141C00EDB9BB /* XCTestUtil.swift */,
			);
			path = Util;
			sourceTree = "<group>";
		};
		F51EFF532A941FEF0025DC76 /* Coordinator */ = {
			isa = PBXGroup;
			children = (
				F51EFF542A9420230025DC76 /* Coordinator.swift */,
			);
			path = Coordinator;
			sourceTree = "<group>";
		};
		F52984122A92CC3A005976AE = {
			isa = PBXGroup;
			children = (
				F529841D2A92CC3A005976AE /* DemoProject */,
				F52984342A92CC3B005976AE /* DemoProjectTests */,
				F529843E2A92CC3B005976AE /* DemoProjectUITests */,
				F529841C2A92CC3A005976AE /* Products */,
			);
			sourceTree = "<group>";
		};
		F529841C2A92CC3A005976AE /* Products */ = {
			isa = PBXGroup;
			children = (
				F529841B2A92CC3A005976AE /* DemoProject.app */,
				F52984312A92CC3B005976AE /* DemoProjectTests.xctest */,
				F529843B2A92CC3B005976AE /* DemoProjectUITests.xctest */,
			);
			name = Products;
			sourceTree = "<group>";
		};
		F529841D2A92CC3A005976AE /* DemoProject */ = {
			isa = PBXGroup;
			children = (
				F51EFF532A941FEF0025DC76 /* Coordinator */,
				F50A0CDD2A92F28400EDB9BB /* Screens */,
				F50A0CC92A92F24500EDB9BB /* NetworkAPI */,
				F50A0CC42A92F23800EDB9BB /* Model */,
				F50A0CB32A92F18C00EDB9BB /* Utilities */,
				F50A0C862A92EB0000EDB9BB /* TabBar */,
				F529841E2A92CC3A005976AE /* AppDelegate.swift */,
				F52984202A92CC3A005976AE /* SceneDelegate.swift */,
				F52984272A92CC3B005976AE /* Assets.xcassets */,
				F52984292A92CC3B005976AE /* LaunchScreen.storyboard */,
				F529842C2A92CC3B005976AE /* Info.plist */,
			);
			path = DemoProject;
			sourceTree = "<group>";
		};
		F52984342A92CC3B005976AE /* DemoProjectTests */ = {
			isa = PBXGroup;
			children = (
				F50A0CDE2A9312DF00EDB9BB /* ProjectTestCase.swift */,
				F50A0CE02A93133000EDB9BB /* InvoiceListViewModelTest.swift */,
			);
			path = DemoProjectTests;
			sourceTree = "<group>";
		};
		F529843E2A92CC3B005976AE /* DemoProjectUITests */ = {
			isa = PBXGroup;
			children = (
				F50A0CEE2A93143000EDB9BB /* DemoProjectUITests.swift */,
				F50A0CE92A93141C00EDB9BB /* Util */,
				F50A0CE22A93141000EDB9BB /* Screens */,
			);
			path = DemoProjectUITests;
			sourceTree = "<group>";
		};
/* End PBXGroup section */

/* Begin PBXNativeTarget section */
		F529841A2A92CC3A005976AE /* DemoProject */ = {
			isa = PBXNativeTarget;
			buildConfigurationList = F52984452A92CC3B005976AE /* Build configuration list for PBXNativeTarget "DemoProject" */;
			buildPhases = (
				F52984172A92CC3A005976AE /* Sources */,
				F52984182A92CC3A005976AE /* Frameworks */,
				F52984192A92CC3A005976AE /* Resources */,
			);
			buildRules = (
			);
			dependencies = (
			);
			name = DemoProject;
			productName = DemoProject;
			productReference = F529841B2A92CC3A005976AE /* DemoProject.app */;
			productType = "com.apple.product-type.application";
		};
		F52984302A92CC3B005976AE /* DemoProjectTests */ = {
			isa = PBXNativeTarget;
			buildConfigurationList = F52984482A92CC3B005976AE /* Build configuration list for PBXNativeTarget "DemoProjectTests" */;
			buildPhases = (
				F529842D2A92CC3B005976AE /* Sources */,
				F529842E2A92CC3B005976AE /* Frameworks */,
				F529842F2A92CC3B005976AE /* Resources */,
			);
			buildRules = (
			);
			dependencies = (
				F52984332A92CC3B005976AE /* PBXTargetDependency */,
			);
			name = DemoProjectTests;
			productName = DemoProjectTests;
			productReference = F52984312A92CC3B005976AE /* DemoProjectTests.xctest */;
			productType = "com.apple.product-type.bundle.unit-test";
		};
		F529843A2A92CC3B005976AE /* DemoProjectUITests */ = {
			isa = PBXNativeTarget;
			buildConfigurationList = F529844B2A92CC3B005976AE /* Build configuration list for PBXNativeTarget "DemoProjectUITests" */;
			buildPhases = (
				F52984372A92CC3B005976AE /* Sources */,
				F52984382A92CC3B005976AE /* Frameworks */,
				F52984392A92CC3B005976AE /* Resources */,
			);
			buildRules = (
			);
			dependencies = (
				F529843D2A92CC3B005976AE /* PBXTargetDependency */,
			);
			name = DemoProjectUITests;
			productName = DemoProjectUITests;
			productReference = F529843B2A92CC3B005976AE /* DemoProjectUITests.xctest */;
			productType = "com.apple.product-type.bundle.ui-testing";
		};
/* End PBXNativeTarget section */

/* Begin PBXProject section */
		F52984132A92CC3A005976AE /* Project object */ = {
			isa = PBXProject;
			attributes = {
				BuildIndependentTargetsInParallel = 1;
				LastSwiftUpdateCheck = 1430;
				LastUpgradeCheck = 1430;
				TargetAttributes = {
					F529841A2A92CC3A005976AE = {
						CreatedOnToolsVersion = 14.3.1;
					};
					F52984302A92CC3B005976AE = {
						CreatedOnToolsVersion = 14.3.1;
						TestTargetID = F529841A2A92CC3A005976AE;
					};
					F529843A2A92CC3B005976AE = {
						CreatedOnToolsVersion = 14.3.1;
						TestTargetID = F529841A2A92CC3A005976AE;
					};
				};
			};
			buildConfigurationList = F52984162A92CC3A005976AE /* Build configuration list for PBXProject "DemoProject" */;
			compatibilityVersion = "Xcode 14.0";
			developmentRegion = en;
			hasScannedForEncodings = 0;
			knownRegions = (
				en,
				Base,
			);
			mainGroup = F52984122A92CC3A005976AE;
			productRefGroup = F529841C2A92CC3A005976AE /* Products */;
			projectDirPath = "";
			projectRoot = "";
			targets = (
				F529841A2A92CC3A005976AE /* DemoProject */,
				F52984302A92CC3B005976AE /* DemoProjectTests */,
				F529843A2A92CC3B005976AE /* DemoProjectUITests */,
			);
		};
/* End PBXProject section */

/* Begin PBXResourcesBuildPhase section */
		F52984192A92CC3A005976AE /* Resources */ = {
			isa = PBXResourcesBuildPhase;
			buildActionMask = 2147483647;
			files = (
				F529842B2A92CC3B005976AE /* LaunchScreen.storyboard in Resources */,
				F52984282A92CC3B005976AE /* Assets.xcassets in Resources */,
			);
			runOnlyForDeploymentPostprocessing = 0;
		};
		F529842F2A92CC3B005976AE /* Resources */ = {
			isa = PBXResourcesBuildPhase;
			buildActionMask = 2147483647;
			files = (
			);
			runOnlyForDeploymentPostprocessing = 0;
		};
		F52984392A92CC3B005976AE /* Resources */ = {
			isa = PBXResourcesBuildPhase;
			buildActionMask = 2147483647;
			files = (
			);
			runOnlyForDeploymentPostprocessing = 0;
		};
/* End PBXResourcesBuildPhase section */

/* Begin PBXSourcesBuildPhase section */
		F52984172A92CC3A005976AE /* Sources */ = {
			isa = PBXSourcesBuildPhase;
			buildActionMask = 2147483647;
			files = (
				F50A0CBD2A92F18C00EDB9BB /* UIViewController+addChildViewController.swift in Sources */,
				F50A0CA72A92F0D000EDB9BB /* InvoiceHeaderView.swift in Sources */,
				F50A0CD62A92F24500EDB9BB /* JSONSerializable.swift in Sources */,
				F50A0CAE2A92F0D000EDB9BB /* InvoiceDetailsView.swift in Sources */,
				F50A0CB02A92F0D000EDB9BB /* InputChecker.swift in Sources */,
				F50A0CAB2A92F0D000EDB9BB /* InvoiceLineCreateView.swift in Sources */,
				F50A0CC22A92F18C00EDB9BB /* DateFormatter+AESTDateFormatter.swift in Sources */,
				F50A0CD52A92F24500EDB9BB /* HTTPURLResponse+Status.swift in Sources */,
				F51EFF552A9420230025DC76 /* Coordinator.swift in Sources */,
				F50A0CBF2A92F18C00EDB9BB /* UIView+fill.swift in Sources */,
				F50A0CC72A92F23800EDB9BB /* InvoiceDTO.swift in Sources */,
				F50A0CBE2A92F18C00EDB9BB /* InvoiceError.swift in Sources */,
				F50A0CD42A92F24500EDB9BB /* NetworkAPIRequestBuilder.swift in Sources */,
				F50A0CC32A92F18C00EDB9BB /* NumbersOnlyViewModifier.swift in Sources */,
				F50A0CAD2A92F0D000EDB9BB /* InvoiceListViewModel.swift in Sources */,
				F50A0CC12A92F18C00EDB9BB /* Decimal+Round.swift in Sources */,
				F50A0CAA2A92F0D000EDB9BB /* InvoiceLineViewModel.swift in Sources */,
				F50A0C882A92EB2000EDB9BB /* TabBarViewController.swift in Sources */,
				F50A0CAC2A92F0D000EDB9BB /* InvoiceLineListView.swift in Sources */,
				F50A0CD72A92F24500EDB9BB /* NetworkAPIClient.swift in Sources */,
				F50A0CC82A92F23800EDB9BB /* InvoiceLineDTO.swift in Sources */,
				F50A0CD32A92F24500EDB9BB /* NetworkAPIRequest.swift in Sources */,
				F50A0CB22A92F0D000EDB9BB /* InvoiceListView.swift in Sources */,
				F50A0CC02A92F18C00EDB9BB /* View+Modify.swift in Sources */,
				F50A0CA92A92F0D000EDB9BB /* InvoiceLineView.swift in Sources */,
				F50A0CA52A92F0D000EDB9BB /* InvoiceViewModel.swift in Sources */,
				F50A0CDC2A92F26A00EDB9BB /* AccountViewController.swift in Sources */,
				F50A0CBC2A92F18C00EDB9BB /* NumberFormatter+CurrencyFormatter.swift in Sources */,
				F50A0CAF2A92F0D000EDB9BB /* InvoiceListContainerViewController.swift in Sources */,
				F529841F2A92CC3A005976AE /* AppDelegate.swift in Sources */,
				F50A0CD92A92F24500EDB9BB /* InvoiceAPIService.swift in Sources */,
				F50A0CA82A92F0D000EDB9BB /* InvoiceHeaderEditView.swift in Sources */,
				F50A0CD82A92F24500EDB9BB /* InvoiceAPIRequest.swift in Sources */,
				F50A0CB12A92F0D000EDB9BB /* CreateInvoiceView.swift in Sources */,
				F50A0CA62A92F0D000EDB9BB /* InvoiceCellView.swift in Sources */,
				F52984212A92CC3A005976AE /* SceneDelegate.swift in Sources */,
			);
			runOnlyForDeploymentPostprocessing = 0;
		};
		F529842D2A92CC3B005976AE /* Sources */ = {
			isa = PBXSourcesBuildPhase;
			buildActionMask = 2147483647;
			files = (
				F50A0CE12A93133000EDB9BB /* InvoiceListViewModelTest.swift in Sources */,
				F50A0CDF2A9312DF00EDB9BB /* ProjectTestCase.swift in Sources */,
			);
			runOnlyForDeploymentPostprocessing = 0;
		};
		F52984372A92CC3B005976AE /* Sources */ = {
			isa = PBXSourcesBuildPhase;
			buildActionMask = 2147483647;
			files = (
				F50A0CE72A93141000EDB9BB /* ScreenFactory.swift in Sources */,
				F50A0CE62A93141000EDB9BB /* InvoiceListScreen.swift in Sources */,
				F50A0CE82A93141000EDB9BB /* CreateInvoiceScreen.swift in Sources */,
				F50A0CEF2A93143000EDB9BB /* DemoProjectUITests.swift in Sources */,
				F50A0CEC2A93141C00EDB9BB /* ProjectUITestCase.swift in Sources */,
				F50A0CED2A93141C00EDB9BB /* XCTestUtil.swift in Sources */,
			);
			runOnlyForDeploymentPostprocessing = 0;
		};
/* End PBXSourcesBuildPhase section */

/* Begin PBXTargetDependency section */
		F52984332A92CC3B005976AE /* PBXTargetDependency */ = {
			isa = PBXTargetDependency;
			target = F529841A2A92CC3A005976AE /* DemoProject */;
			targetProxy = F52984322A92CC3B005976AE /* PBXContainerItemProxy */;
		};
		F529843D2A92CC3B005976AE /* PBXTargetDependency */ = {
			isa = PBXTargetDependency;
			target = F529841A2A92CC3A005976AE /* DemoProject */;
			targetProxy = F529843C2A92CC3B005976AE /* PBXContainerItemProxy */;
		};
/* End PBXTargetDependency section */

/* Begin PBXVariantGroup section */
		F52984292A92CC3B005976AE /* LaunchScreen.storyboard */ = {
			isa = PBXVariantGroup;
			children = (
				F529842A2A92CC3B005976AE /* Base */,
			);
			name = LaunchScreen.storyboard;
			sourceTree = "<group>";
		};
/* End PBXVariantGroup section */

/* Begin XCBuildConfiguration section */
		F52984432A92CC3B005976AE /* Debug */ = {
			isa = XCBuildConfiguration;
			buildSettings = {
				ALWAYS_SEARCH_USER_PATHS = NO;
				CLANG_ANALYZER_NONNULL = YES;
				CLANG_ANALYZER_NUMBER_OBJECT_CONVERSION = YES_AGGRESSIVE;
				CLANG_CXX_LANGUAGE_STANDARD = "gnu++20";
				CLANG_ENABLE_MODULES = YES;
				CLANG_ENABLE_OBJC_ARC = YES;
				CLANG_ENABLE_OBJC_WEAK = YES;
				CLANG_WARN_BLOCK_CAPTURE_AUTORELEASING = YES;
				CLANG_WARN_BOOL_CONVERSION = YES;
				CLANG_WARN_COMMA = YES;
				CLANG_WARN_CONSTANT_CONVERSION = YES;
				CLANG_WARN_DEPRECATED_OBJC_IMPLEMENTATIONS = YES;
				CLANG_WARN_DIRECT_OBJC_ISA_USAGE = YES_ERROR;
				CLANG_WARN_DOCUMENTATION_COMMENTS = YES;
				CLANG_WARN_EMPTY_BODY = YES;
				CLANG_WARN_ENUM_CONVERSION = YES;
				CLANG_WARN_INFINITE_RECURSION = YES;
				CLANG_WARN_INT_CONVERSION = YES;
				CLANG_WARN_NON_LITERAL_NULL_CONVERSION = YES;
				CLANG_WARN_OBJC_IMPLICIT_RETAIN_SELF = YES;
				CLANG_WARN_OBJC_LITERAL_CONVERSION = YES;
				CLANG_WARN_OBJC_ROOT_CLASS = YES_ERROR;
				CLANG_WARN_QUOTED_INCLUDE_IN_FRAMEWORK_HEADER = YES;
				CLANG_WARN_RANGE_LOOP_ANALYSIS = YES;
				CLANG_WARN_STRICT_PROTOTYPES = YES;
				CLANG_WARN_SUSPICIOUS_MOVE = YES;
				CLANG_WARN_UNGUARDED_AVAILABILITY = YES_AGGRESSIVE;
				CLANG_WARN_UNREACHABLE_CODE = YES;
				CLANG_WARN__DUPLICATE_METHOD_MATCH = YES;
				COPY_PHASE_STRIP = NO;
				DEBUG_INFORMATION_FORMAT = dwarf;
				ENABLE_STRICT_OBJC_MSGSEND = YES;
				ENABLE_TESTABILITY = YES;
				GCC_C_LANGUAGE_STANDARD = gnu11;
				GCC_DYNAMIC_NO_PIC = NO;
				GCC_NO_COMMON_BLOCKS = YES;
				GCC_OPTIMIZATION_LEVEL = 0;
				GCC_PREPROCESSOR_DEFINITIONS = (
					"DEBUG=1",
					"$(inherited)",
				);
				GCC_WARN_64_TO_32_BIT_CONVERSION = YES;
				GCC_WARN_ABOUT_RETURN_TYPE = YES_ERROR;
				GCC_WARN_UNDECLARED_SELECTOR = YES;
				GCC_WARN_UNINITIALIZED_AUTOS = YES_AGGRESSIVE;
				GCC_WARN_UNUSED_FUNCTION = YES;
				GCC_WARN_UNUSED_VARIABLE = YES;
				IPHONEOS_DEPLOYMENT_TARGET = 16.4;
				MTL_ENABLE_DEBUG_INFO = INCLUDE_SOURCE;
				MTL_FAST_MATH = YES;
				ONLY_ACTIVE_ARCH = YES;
				SDKROOT = iphoneos;
				SWIFT_ACTIVE_COMPILATION_CONDITIONS = DEBUG;
				SWIFT_OPTIMIZATION_LEVEL = "-Onone";
			};
			name = Debug;
		};
		F52984442A92CC3B005976AE /* Release */ = {
			isa = XCBuildConfiguration;
			buildSettings = {
				ALWAYS_SEARCH_USER_PATHS = NO;
				CLANG_ANALYZER_NONNULL = YES;
				CLANG_ANALYZER_NUMBER_OBJECT_CONVERSION = YES_AGGRESSIVE;
				CLANG_CXX_LANGUAGE_STANDARD = "gnu++20";
				CLANG_ENABLE_MODULES = YES;
				CLANG_ENABLE_OBJC_ARC = YES;
				CLANG_ENABLE_OBJC_WEAK = YES;
				CLANG_WARN_BLOCK_CAPTURE_AUTORELEASING = YES;
				CLANG_WARN_BOOL_CONVERSION = YES;
				CLANG_WARN_COMMA = YES;
				CLANG_WARN_CONSTANT_CONVERSION = YES;
				CLANG_WARN_DEPRECATED_OBJC_IMPLEMENTATIONS = YES;
				CLANG_WARN_DIRECT_OBJC_ISA_USAGE = YES_ERROR;
				CLANG_WARN_DOCUMENTATION_COMMENTS = YES;
				CLANG_WARN_EMPTY_BODY = YES;
				CLANG_WARN_ENUM_CONVERSION = YES;
				CLANG_WARN_INFINITE_RECURSION = YES;
				CLANG_WARN_INT_CONVERSION = YES;
				CLANG_WARN_NON_LITERAL_NULL_CONVERSION = YES;
				CLANG_WARN_OBJC_IMPLICIT_RETAIN_SELF = YES;
				CLANG_WARN_OBJC_LITERAL_CONVERSION = YES;
				CLANG_WARN_OBJC_ROOT_CLASS = YES_ERROR;
				CLANG_WARN_QUOTED_INCLUDE_IN_FRAMEWORK_HEADER = YES;
				CLANG_WARN_RANGE_LOOP_ANALYSIS = YES;
				CLANG_WARN_STRICT_PROTOTYPES = YES;
				CLANG_WARN_SUSPICIOUS_MOVE = YES;
				CLANG_WARN_UNGUARDED_AVAILABILITY = YES_AGGRESSIVE;
				CLANG_WARN_UNREACHABLE_CODE = YES;
				CLANG_WARN__DUPLICATE_METHOD_MATCH = YES;
				COPY_PHASE_STRIP = NO;
				DEBUG_INFORMATION_FORMAT = "dwarf-with-dsym";
				ENABLE_NS_ASSERTIONS = NO;
				ENABLE_STRICT_OBJC_MSGSEND = YES;
				GCC_C_LANGUAGE_STANDARD = gnu11;
				GCC_NO_COMMON_BLOCKS = YES;
				GCC_WARN_64_TO_32_BIT_CONVERSION = YES;
				GCC_WARN_ABOUT_RETURN_TYPE = YES_ERROR;
				GCC_WARN_UNDECLARED_SELECTOR = YES;
				GCC_WARN_UNINITIALIZED_AUTOS = YES_AGGRESSIVE;
				GCC_WARN_UNUSED_FUNCTION = YES;
				GCC_WARN_UNUSED_VARIABLE = YES;
				IPHONEOS_DEPLOYMENT_TARGET = 16.4;
				MTL_ENABLE_DEBUG_INFO = NO;
				MTL_FAST_MATH = YES;
				SDKROOT = iphoneos;
				SWIFT_COMPILATION_MODE = wholemodule;
				SWIFT_OPTIMIZATION_LEVEL = "-O";
				VALIDATE_PRODUCT = YES;
			};
			name = Release;
		};
		F52984462A92CC3B005976AE /* Debug */ = {
			isa = XCBuildConfiguration;
			buildSettings = {
				ASSETCATALOG_COMPILER_APPICON_NAME = AppIcon;
				ASSETCATALOG_COMPILER_GLOBAL_ACCENT_COLOR_NAME = AccentColor;
				CODE_SIGN_STYLE = Automatic;
				CURRENT_PROJECT_VERSION = 1;
				GENERATE_INFOPLIST_FILE = YES;
				INFOPLIST_FILE = DemoProject/Info.plist;
				INFOPLIST_KEY_UIApplicationSupportsIndirectInputEvents = YES;
				INFOPLIST_KEY_UILaunchStoryboardName = LaunchScreen;
				INFOPLIST_KEY_UISupportedInterfaceOrientations_iPad = "UIInterfaceOrientationPortrait UIInterfaceOrientationPortraitUpsideDown UIInterfaceOrientationLandscapeLeft UIInterfaceOrientationLandscapeRight";
				INFOPLIST_KEY_UISupportedInterfaceOrientations_iPhone = "UIInterfaceOrientationPortrait UIInterfaceOrientationLandscapeLeft UIInterfaceOrientationLandscapeRight";
				IPHONEOS_DEPLOYMENT_TARGET = 13.6;
				LD_RUNPATH_SEARCH_PATHS = (
					"$(inherited)",
					"@executable_path/Frameworks",
				);
				MARKETING_VERSION = 1.0;
				PRODUCT_BUNDLE_IDENTIFIER = com.markzhang.base.DemoProject;
				PRODUCT_NAME = "$(TARGET_NAME)";
				SWIFT_EMIT_LOC_STRINGS = YES;
				SWIFT_VERSION = 5.0;
				TARGETED_DEVICE_FAMILY = "1,2";
			};
			name = Debug;
		};
		F52984472A92CC3B005976AE /* Release */ = {
			isa = XCBuildConfiguration;
			buildSettings = {
				ASSETCATALOG_COMPILER_APPICON_NAME = AppIcon;
				ASSETCATALOG_COMPILER_GLOBAL_ACCENT_COLOR_NAME = AccentColor;
				CODE_SIGN_STYLE = Automatic;
				CURRENT_PROJECT_VERSION = 1;
				GENERATE_INFOPLIST_FILE = YES;
				INFOPLIST_FILE = DemoProject/Info.plist;
				INFOPLIST_KEY_UIApplicationSupportsIndirectInputEvents = YES;
				INFOPLIST_KEY_UILaunchStoryboardName = LaunchScreen;
				INFOPLIST_KEY_UISupportedInterfaceOrientations_iPad = "UIInterfaceOrientationPortrait UIInterfaceOrientationPortraitUpsideDown UIInterfaceOrientationLandscapeLeft UIInterfaceOrientationLandscapeRight";
				INFOPLIST_KEY_UISupportedInterfaceOrientations_iPhone = "UIInterfaceOrientationPortrait UIInterfaceOrientationLandscapeLeft UIInterfaceOrientationLandscapeRight";
				IPHONEOS_DEPLOYMENT_TARGET = 13.6;
				LD_RUNPATH_SEARCH_PATHS = (
					"$(inherited)",
					"@executable_path/Frameworks",
				);
				MARKETING_VERSION = 1.0;
				PRODUCT_BUNDLE_IDENTIFIER = com.markzhang.base.DemoProject;
				PRODUCT_NAME = "$(TARGET_NAME)";
				SWIFT_EMIT_LOC_STRINGS = YES;
				SWIFT_VERSION = 5.0;
				TARGETED_DEVICE_FAMILY = "1,2";
			};
			name = Release;
		};
		F52984492A92CC3B005976AE /* Debug */ = {
			isa = XCBuildConfiguration;
			buildSettings = {
				ALWAYS_EMBED_SWIFT_STANDARD_LIBRARIES = YES;
				BUNDLE_LOADER = "$(TEST_HOST)";
				CODE_SIGN_STYLE = Automatic;
				CURRENT_PROJECT_VERSION = 1;
				GENERATE_INFOPLIST_FILE = YES;
				IPHONEOS_DEPLOYMENT_TARGET = 16.4;
				MARKETING_VERSION = 1.0;
				PRODUCT_BUNDLE_IDENTIFIER = com.markzhang.base.DemoProjectTests;
				PRODUCT_NAME = "$(TARGET_NAME)";
				SWIFT_EMIT_LOC_STRINGS = NO;
				SWIFT_VERSION = 5.0;
				TARGETED_DEVICE_FAMILY = "1,2";
				TEST_HOST = "$(BUILT_PRODUCTS_DIR)/DemoProject.app/$(BUNDLE_EXECUTABLE_FOLDER_PATH)/DemoProject";
			};
			name = Debug;
		};
		F529844A2A92CC3B005976AE /* Release */ = {
			isa = XCBuildConfiguration;
			buildSettings = {
				ALWAYS_EMBED_SWIFT_STANDARD_LIBRARIES = YES;
				BUNDLE_LOADER = "$(TEST_HOST)";
				CODE_SIGN_STYLE = Automatic;
				CURRENT_PROJECT_VERSION = 1;
				GENERATE_INFOPLIST_FILE = YES;
				IPHONEOS_DEPLOYMENT_TARGET = 16.4;
				MARKETING_VERSION = 1.0;
				PRODUCT_BUNDLE_IDENTIFIER = com.markzhang.base.DemoProjectTests;
				PRODUCT_NAME = "$(TARGET_NAME)";
				SWIFT_EMIT_LOC_STRINGS = NO;
				SWIFT_VERSION = 5.0;
				TARGETED_DEVICE_FAMILY = "1,2";
				TEST_HOST = "$(BUILT_PRODUCTS_DIR)/DemoProject.app/$(BUNDLE_EXECUTABLE_FOLDER_PATH)/DemoProject";
			};
			name = Release;
		};
		F529844C2A92CC3B005976AE /* Debug */ = {
			isa = XCBuildConfiguration;
			buildSettings = {
				ALWAYS_EMBED_SWIFT_STANDARD_LIBRARIES = YES;
				CODE_SIGN_STYLE = Automatic;
				CURRENT_PROJECT_VERSION = 1;
				GENERATE_INFOPLIST_FILE = YES;
				MARKETING_VERSION = 1.0;
				PRODUCT_BUNDLE_IDENTIFIER = com.markzhang.base.DemoProjectUITests;
				PRODUCT_NAME = "$(TARGET_NAME)";
				SWIFT_EMIT_LOC_STRINGS = NO;
				SWIFT_VERSION = 5.0;
				TARGETED_DEVICE_FAMILY = "1,2";
				TEST_TARGET_NAME = DemoProject;
			};
			name = Debug;
		};
		F529844D2A92CC3B005976AE /* Release */ = {
			isa = XCBuildConfiguration;
			buildSettings = {
				ALWAYS_EMBED_SWIFT_STANDARD_LIBRARIES = YES;
				CODE_SIGN_STYLE = Automatic;
				CURRENT_PROJECT_VERSION = 1;
				GENERATE_INFOPLIST_FILE = YES;
				MARKETING_VERSION = 1.0;
				PRODUCT_BUNDLE_IDENTIFIER = com.markzhang.base.DemoProjectUITests;
				PRODUCT_NAME = "$(TARGET_NAME)";
				SWIFT_EMIT_LOC_STRINGS = NO;
				SWIFT_VERSION = 5.0;
				TARGETED_DEVICE_FAMILY = "1,2";
				TEST_TARGET_NAME = DemoProject;
			};
			name = Release;
		};
/* End XCBuildConfiguration section */

/* Begin XCConfigurationList section */
		F52984162A92CC3A005976AE /* Build configuration list for PBXProject "DemoProject" */ = {
			isa = XCConfigurationList;
			buildConfigurations = (
				F52984432A92CC3B005976AE /* Debug */,
				F52984442A92CC3B005976AE /* Release */,
			);
			defaultConfigurationIsVisible = 0;
			defaultConfigurationName = Release;
		};
		F52984452A92CC3B005976AE /* Build configuration list for PBXNativeTarget "DemoProject" */ = {
			isa = XCConfigurationList;
			buildConfigurations = (
				F52984462A92CC3B005976AE /* Debug */,
				F52984472A92CC3B005976AE /* Release */,
			);
			defaultConfigurationIsVisible = 0;
			defaultConfigurationName = Release;
		};
		F52984482A92CC3B005976AE /* Build configuration list for PBXNativeTarget "DemoProjectTests" */ = {
			isa = XCConfigurationList;
			buildConfigurations = (
				F52984492A92CC3B005976AE /* Debug */,
				F529844A2A92CC3B005976AE /* Release */,
			);
			defaultConfigurationIsVisible = 0;
			defaultConfigurationName = Release;
		};
		F529844B2A92CC3B005976AE /* Build configuration list for PBXNativeTarget "DemoProjectUITests" */ = {
			isa = XCConfigurationList;
			buildConfigurations = (
				F529844C2A92CC3B005976AE /* Debug */,
				F529844D2A92CC3B005976AE /* Release */,
			);
			defaultConfigurationIsVisible = 0;
			defaultConfigurationName = Release;
		};
/* End XCConfigurationList section */
	};
	rootObject = F52984132A92CC3A005976AE /* Project object */;
}
